PODS:
  - Alamofire (4.2.0)
  - AlamofireJsonToObjects (2.4.0):
    - Alamofire
    - EVReflection
  - EVReflection (3.4.2)

DEPENDENCIES:
  - AlamofireJsonToObjects (~> 2.4)

SPEC CHECKSUMS:
  Alamofire: aa2e09d871c9160ac53c90e83c68064a94e3dfbe
  AlamofireJsonToObjects: 6fbb76d3abe12bcdc1f1af51a52ebbc8dfe3746c
  EVReflection: 3b24ff86d9e630fcfb71a6927e02ce67256595b8

PODFILE CHECKSUM: 9e56b577c89643e65c2d3a532582c92357990610

COCOAPODS: 1.1.1
